
Microsoft Visual Studio Solution File, Format Version 12.00
Project("{FAE04EC0-301F-11D3-BF4B-00C04F79EFBC}") = "xUnit.With.DiagnosticMessages", "xUnit.With.DiagnosticMessages.csproj", "{9A74EE68-4A16-4D42-9E09-3768E05755AB}"
EndProject
Global
	GlobalSection(SolutionConfigurationPlatforms) = preSolution
		Debug|Any CPU = Debug|Any CPU
		Release|Any CPU = Release|Any CPU
	EndGlobalSection
	GlobalSection(ProjectConfigurationPlatforms) = postSolution
		{9A74EE68-4A16-4D42-9E09-3768E05755AB}.Debug|Any CPU.ActiveCfg = Debug|Any CPU
		{9A74EE68-4A16-4D42-9E09-3768E05755AB}.Debug|Any CPU.Build.0 = Debug|Any CPU
		{9A74EE68-4A16-4D42-9E09-3768E05755AB}.Release|Any CPU.ActiveCfg = Release|Any CPU
		{9A74EE68-4A16-4D42-9E09-3768E05755AB}.Release|Any CPU.Build.0 = Release|Any CPU
	EndGlobalSection
EndGlobal
